
Microsoft Visual Studio Solution File, Format Version 12.00
# Visual Studio Version 17
VisualStudioVersion = 17.2.32616.157
MinimumVisualStudioVersion = 10.0.40219.1
Project("{FAE04EC0-301F-11D3-BF4B-00C04F79EFBC}") = "SampleWinForms", "SampleWinForms\SampleWinForms.csproj", "{46C6E54D-65AB-4D5F-A5E6-8DF1882A2CCE}"
EndProject
Global
	GlobalSection(SolutionConfigurationPlatforms) = preSolution
		Debug|Any CPU = Debug|Any CPU
		Release|Any CPU = Release|Any CPU
	EndGlobalSection
	GlobalSection(ProjectConfigurationPlatforms) = postSolution
		{46C6E54D-65AB-4D5F-A5E6-8DF1882A2CCE}.Debug|Any CPU.ActiveCfg = Debug|Any CPU
		{46C6E54D-65AB-4D5F-A5E6-8DF1882A2CCE}.Debug|Any CPU.Build.0 = Debug|Any CPU
		{46C6E54D-65AB-4D5F-A5E6-8DF1882A2CCE}.Release|Any CPU.ActiveCfg = Release|Any CPU
		{46C6E54D-65AB-4D5F-A5E6-8DF1882A2CCE}.Release|Any CPU.Build.0 = Release|Any CPU
	EndGlobalSection
	GlobalSection(SolutionProperties) = preSolution
		HideSolutionNode = FALSE
	EndGlobalSection
	GlobalSection(ExtensibilityGlobals) = postSolution
		SolutionGuid = {1752DD5A-3111-454D-AAB3-0A2DCEF94968}
	EndGlobalSection
EndGlobal
